// !$*UTF8*$!
{
	archiveVersion = 1;
	classes = {
	};
	objectVersion = 46;
	objects = {

/* Begin PBXBuildFile section */
		12E710D81AEACD5700556901 /* main.cpp in Sources */ = {isa = PBXBuildFile; fileRef = 12E710D71AEACD5700556901 /* main.cpp */; };
/* End PBXBuildFile section */

/* Begin PBXCopyFilesBuildPhase section */
		12E710D21AEACD5700556901 /* CopyFiles */ = {
			isa = PBXCopyFilesBuildPhase;
			buildActionMask = 2147483647;
			dstPath = /usr/share/man/man1/;
			dstSubfolderSpec = 0;
			files = (
			);
			runOnlyForDeploymentPostprocessing = 1;
		};
/* End PBXCopyFilesBuildPhase section */

/* Begin PBXFileReference section */
		12E710D41AEACD5700556901 /* 1877. Велосипедные коды */ = {isa = PBXFileReference; explicitFileType = "compiled.mach-o.executable"; includeInIndex = 0; path = "1877. Велосипедные коды"; sourceTree = BUILT_PRODUCTS_DIR; };
		12E710D71AEACD5700556901 /* main.cpp */ = {isa = PBXFileReference; lastKnownFileType = sourcecode.cpp.cpp; path = main.cpp; sourceTree = "<group>"; };
/* End PBXFileReference section */

/* Begin PBXFrameworksBuildPhase section */
		12E710D11AEACD5700556901 /* Frameworks */ = {
			isa = PBXFrameworksBuildPhase;
			buildActionMask = 2147483647;
			files = (
			);
			runOnlyForDeploymentPostprocessing = 0;
		};
/* End PBXFrameworksBuildPhase section */

/* Begin PBXGroup section */
		12E710CB1AEACD5700556901 = {
			isa = PBXGroup;
			children = (
				12E710D61AEACD5700556901 /* 1877. Велосипедные коды */,
				12E710D51AEACD5700556901 /* Products */,
			);
			sourceTree = "<group>";
		};
		12E710D51AEACD5700556901 /* Products */ = {
			isa = PBXGroup;
			children = (
				12E710D41AEACD5700556901 /* 1877. Велосипедные коды */,
			);
			name = Products;
			sourceTree = "<group>";
		};
		12E710D61AEACD5700556901 /* 1877. Велосипедные коды */ = {
			isa = PBXGroup;
			children = (
				12E710D71AEACD5700556901 /* main.cpp */,
			);
			path = "1877. Велосипедные коды";
			sourceTree = "<group>";
		};
/* End PBXGroup section */

/* Begin PBXNativeTarget section */
		12E710D31AEACD5700556901 /* 1877. Велосипедные коды */ = {
			isa = PBXNativeTarget;
			buildConfigurationList = 12E710DB1AEACD5700556901 /* Build configuration list for PBXNativeTarget "1877. Велосипедные коды" */;
			buildPhases = (
				12E710D01AEACD5700556901 /* Sources */,
				12E710D11AEACD5700556901 /* Frameworks */,
				12E710D21AEACD5700556901 /* CopyFiles */,
			);
			buildRules = (
			);
			dependencies = (
			);
			name = "1877. Велосипедные коды";
			productName = "1877. Велосипедные коды";
			productReference = 12E710D41AEACD5700556901 /* 1877. Велосипедные коды */;
			productType = "com.apple.product-type.tool";
		};
/* End PBXNativeTarget section */

/* Begin PBXProject section */
		12E710CC1AEACD5700556901 /* Project object */ = {
			isa = PBXProject;
			attributes = {
				LastUpgradeCheck = 0630;
				ORGANIZATIONNAME = "Fun Life";
				TargetAttributes = {
					12E710D31AEACD5700556901 = {
						CreatedOnToolsVersion = 6.3;
					};
				};
			};
			buildConfigurationList = 12E710CF1AEACD5700556901 /* Build configuration list for PBXProject "1877. Велосипедные коды" */;
			compatibilityVersion = "Xcode 3.2";
			developmentRegion = English;
			hasScannedForEncodings = 0;
			knownRegions = (
				en,
			);
			mainGroup = 12E710CB1AEACD5700556901;
			productRefGroup = 12E710D51AEACD5700556901 /* Products */;
			projectDirPath = "";
			projectRoot = "";
			targets = (
				12E710D31AEACD5700556901 /* 1877. Велосипедные коды */,
			);
		};
/* End PBXProject section */

/* Begin PBXSourcesBuildPhase section */
		12E710D01AEACD5700556901 /* Sources */ = {
			isa = PBXSourcesBuildPhase;
			buildActionMask = 2147483647;
			files = (
				12E710D81AEACD5700556901 /* main.cpp in Sources */,
			);
			runOnlyForDeploymentPostprocessing = 0;
		};
/* End PBXSourcesBuildPhase section */

/* Begin XCBuildConfiguration section */
		12E710D91AEACD5700556901 /* Debug */ = {
			isa = XCBuildConfiguration;
			buildSettings = {
				ALWAYS_SEARCH_USER_PATHS = NO;
				CLANG_CXX_LANGUAGE_STANDARD = "gnu++0x";
				CLANG_CXX_LIBRARY = "libc++";
				CLANG_ENABLE_MODULES = YES;
				CLANG_ENABLE_OBJC_ARC = YES;
				CLANG_WARN_BOOL_CONVERSION = YES;
				CLANG_WARN_CONSTANT_CONVERSION = YES;
				CLANG_WARN_DIRECT_OBJC_ISA_USAGE = YES_ERROR;
				CLANG_WARN_EMPTY_BODY = YES;
				CLANG_WARN_ENUM_CONVERSION = YES;
				CLANG_WARN_INT_CONVERSION = YES;
				CLANG_WARN_OBJC_ROOT_CLASS = YES_ERROR;
				CLANG_WARN_UNREACHABLE_CODE = YES;
				CLANG_WARN__DUPLICATE_METHOD_MATCH = YES;
				COPY_PHASE_STRIP = NO;
				DEBUG_INFORMATION_FORMAT = dwarf;
				ENABLE_STRICT_OBJC_MSGSEND = YES;
				GCC_C_LANGUAGE_STANDARD = gnu99;
				GCC_DYNAMIC_NO_PIC = NO;
				GCC_NO_COMMON_BLOCKS = YES;
				GCC_OPTIMIZATION_LEVEL = 0;
				GCC_PREPROCESSOR_DEFINITIONS = (
					"DEBUG=1",
					"$(inherited)",
				);
				GCC_SYMBOLS_PRIVATE_EXTERN = NO;
				GCC_WARN_64_TO_32_BIT_CONVERSION = YES;
				GCC_WARN_ABOUT_RETURN_TYPE = YES_ERROR;
				GCC_WARN_UNDECLARED_SELECTOR = YES;
				GCC_WARN_UNINITIALIZED_AUTOS = YES_AGGRESSIVE;
				GCC_WARN_UNUSED_FUNCTION = YES;
				GCC_WARN_UNUSED_VARIABLE = YES;
				MACOSX_DEPLOYMENT_TARGET = 10.10;
				MTL_ENABLE_DEBUG_INFO = YES;
				ONLY_ACTIVE_ARCH = YES;
				SDKROOT = macosx;
			};
			name = Debug;
		};
		12E710DA1AEACD5700556901 /* Release */ = {
			isa = XCBuildConfiguration;
			buildSettings = {
				ALWAYS_SEARCH_USER_PATHS = NO;
				CLANG_CXX_LANGUAGE_STANDARD = "gnu++0x";
				CLANG_CXX_LIBRARY = "libc++";
				CLANG_ENABLE_MODULES = YES;
				CLANG_ENABLE_OBJC_ARC = YES;
				CLANG_WARN_BOOL_CONVERSION = YES;
				CLANG_WARN_CONSTANT_CONVERSION = YES;
				CLANG_WARN_DIRECT_OBJC_ISA_USAGE = YES_ERROR;
				CLANG_WARN_EMPTY_BODY = YES;
				CLANG_WARN_ENUM_CONVERSION = YES;
				CLANG_WARN_INT_CONVERSION = YES;
				CLANG_WARN_OBJC_ROOT_CLASS = YES_ERROR;
				CLANG_WARN_UNREACHABLE_CODE = YES;
				CLANG_WARN__DUPLICATE_METHOD_MATCH = YES;
				COPY_PHASE_STRIP = NO;
				DEBUG_INFORMATION_FORMAT = "dwarf-with-dsym";
				ENABLE_NS_ASSERTIONS = NO;
				ENABLE_STRICT_OBJC_MSGSEND = YES;
				GCC_C_LANGUAGE_STANDARD = gnu99;
				GCC_NO_COMMON_BLOCKS = YES;
				GCC_WARN_64_TO_32_BIT_CONVERSION = YES;
				GCC_WARN_ABOUT_RETURN_TYPE = YES_ERROR;
				GCC_WARN_UNDECLARED_SELECTOR = YES;
				GCC_WARN_UNINITIALIZED_AUTOS = YES_AGGRESSIVE;
				GCC_WARN_UNUSED_FUNCTION = YES;
				GCC_WARN_UNUSED_VARIABLE = YES;
				MACOSX_DEPLOYMENT_TARGET = 10.10;
				MTL_ENABLE_DEBUG_INFO = NO;
				SDKROOT = macosx;
			};
			name = Release;
		};
		12E710DC1AEACD5700556901 /* Debug */ = {
			isa = XCBuildConfiguration;
			buildSettings = {
				PRODUCT_NAME = "$(TARGET_NAME)";
			};
			name = Debug;
		};
		12E710DD1AEACD5700556901 /* Release */ = {
			isa = XCBuildConfiguration;
			buildSettings = {
				PRODUCT_NAME = "$(TARGET_NAME)";
			};
			name = Release;
		};
/* End XCBuildConfiguration section */

/* Begin XCConfigurationList section */
		12E710CF1AEACD5700556901 /* Build configuration list for PBXProject "1877. Велосипедные коды" */ = {
			isa = XCConfigurationList;
			buildConfigurations = (
				12E710D91AEACD5700556901 /* Debug */,
				12E710DA1AEACD5700556901 /* Release */,
			);
			defaultConfigurationIsVisible = 0;
			defaultConfigurationName = Release;
		};
		12E710DB1AEACD5700556901 /* Build configuration list for PBXNativeTarget "1877. Велосипедные коды" */ = {
			isa = XCConfigurationList;
			buildConfigurations = (
				12E710DC1AEACD5700556901 /* Debug */,
				12E710DD1AEACD5700556901 /* Release */,
			);
			defaultConfigurationIsVisible = 0;
		};
/* End XCConfigurationList section */
	};
	rootObject = 12E710CC1AEACD5700556901 /* Project object */;
}
